{
  "requires": true,
  "lockfileVersion": 1,
  "dependencies": {
    "pyright": {
      "version": "1.1.192",
      "resolved": "https://registry.npmjs.org/pyright/-/pyright-1.1.192.tgz",
      "integrity": "sha512-yOGHGwYUze4Rz2t/F/I6E/6aj915jrOXCl7XFtslEF4vlCbBWPi61kkTcpsPckXZT9EQt3U4DeHvovtWrUYD/g=="
    }
  }
}
